# THIS IS AN AUTOGENERATED FILE. DO NOT EDIT THIS FILE DIRECTLY.
# yarn lockfile v1


uglify-js@3.15.4:
  version "3.15.4"
  resolved "https://registry.yarnpkg.com/uglify-js/-/uglify-js-3.15.4.tgz#fa95c257e88f85614915b906204b9623d4fa340d"
  integrity sha512-vMOPGDuvXecPs34V74qDKk4iJ/SN4vL3Ow/23ixafENYvtrNvtbcgUeugTcUGRGsOF/5fU8/NYSL5Hyb3l1OJA==
