# THIS IS AN AUTOGENERATED FILE. DO NOT EDIT THIS FILE DIRECTLY.
# yarn lockfile v1


commander@~2.20.3:
  version "2.20.3"
  resolved "https://registry.yarnpkg.com/commander/-/commander-2.20.3.tgz#fd485e84c03eb4881c20722ba48035e8531aeb33"
  integrity sha512-GpVkmM8vF2vQUkj2LvZmD35JxeJOLCwJ9cUkugyk2nuhbv3+mJvpLYYt+0+USMxE+oj+ey/lJEnhZw75x/OMcQ==

source-map@~0.6.1:
  version "0.6.1"
  resolved "https://registry.yarnpkg.com/source-map/-/source-map-0.6.1.tgz#74722af32e9614e9c287a8d0bbde48b5e2f1a263"
  integrity sha512-UjgapumWlbMhkBgzT7Ykc5YXUT46F0iKu8SGXq0bcwP5dz/h0Plj6enJqjz1Zbq2l5WaqYnrVbwWOWMyF3F47g==

uglify-js@3.7.0:
  version "3.7.0"
  resolved "https://registry.yarnpkg.com/uglify-js/-/uglify-js-3.7.0.tgz#14b854003386b7a7c045910f43afbc96d2aa5307"
  integrity sha512-PC/ee458NEMITe1OufAjal65i6lB58R1HWMRcxwvdz1UopW0DYqlRL3xdu3IcTvTXsB02CRHykidkTRL+A3hQA==
  dependencies:
    commander "~2.20.3"
    source-map "~0.6.1"
